
Microsoft Visual Studio Solution File, Format Version 12.00
# Visual Studio Version 17
VisualStudioVersion = 17.5.2.0
MinimumVisualStudioVersion = 10.0.40219.1
Project("{FAE04EC0-301F-11D3-BF4B-00C04F79EFBC}") = "currency-converter", "currency-converter.csproj", "{6CB4742B-2743-C856-99D1-3690F13F61D7}"
EndProject
Project("{FAE04EC0-301F-11D3-BF4B-00C04F79EFBC}") = "currency-converter.Tests", "currency-converter.Tests\currency-converter.Tests.csproj", "{91AE59F3-7A23-40DE-B9D0-FA1CBE41E635}"
EndProject
Global
	GlobalSection(SolutionConfigurationPlatforms) = preSolution
		Debug|Any CPU = Debug|Any CPU
		Debug|x64 = Debug|x64
		Debug|x86 = Debug|x86
		Release|Any CPU = Release|Any CPU
		Release|x64 = Release|x64
		Release|x86 = Release|x86
	EndGlobalSection
	GlobalSection(ProjectConfigurationPlatforms) = postSolution
		{6CB4742B-2743-C856-99D1-3690F13F61D7}.Debug|Any CPU.ActiveCfg = Debug|Any CPU
		{6CB4742B-2743-C856-99D1-3690F13F61D7}.Debug|Any CPU.Build.0 = Debug|Any CPU
		{6CB4742B-2743-C856-99D1-3690F13F61D7}.Debug|x64.ActiveCfg = Debug|Any CPU
		{6CB4742B-2743-C856-99D1-3690F13F61D7}.Debug|x64.Build.0 = Debug|Any CPU
		{6CB4742B-2743-C856-99D1-3690F13F61D7}.Debug|x86.ActiveCfg = Debug|Any CPU
		{6CB4742B-2743-C856-99D1-3690F13F61D7}.Debug|x86.Build.0 = Debug|Any CPU
		{6CB4742B-2743-C856-99D1-3690F13F61D7}.Release|Any CPU.ActiveCfg = Release|Any CPU
		{6CB4742B-2743-C856-99D1-3690F13F61D7}.Release|Any CPU.Build.0 = Release|Any CPU
		{6CB4742B-2743-C856-99D1-3690F13F61D7}.Release|x64.ActiveCfg = Release|Any CPU
		{6CB4742B-2743-C856-99D1-3690F13F61D7}.Release|x64.Build.0 = Release|Any CPU
		{6CB4742B-2743-C856-99D1-3690F13F61D7}.Release|x86.ActiveCfg = Release|Any CPU
		{6CB4742B-2743-C856-99D1-3690F13F61D7}.Release|x86.Build.0 = Release|Any CPU
		{91AE59F3-7A23-40DE-B9D0-FA1CBE41E635}.Debug|Any CPU.ActiveCfg = Debug|Any CPU
		{91AE59F3-7A23-40DE-B9D0-FA1CBE41E635}.Debug|Any CPU.Build.0 = Debug|Any CPU
		{91AE59F3-7A23-40DE-B9D0-FA1CBE41E635}.Debug|x64.ActiveCfg = Debug|Any CPU
		{91AE59F3-7A23-40DE-B9D0-FA1CBE41E635}.Debug|x64.Build.0 = Debug|Any CPU
		{91AE59F3-7A23-40DE-B9D0-FA1CBE41E635}.Debug|x86.ActiveCfg = Debug|Any CPU
		{91AE59F3-7A23-40DE-B9D0-FA1CBE41E635}.Debug|x86.Build.0 = Debug|Any CPU
		{91AE59F3-7A23-40DE-B9D0-FA1CBE41E635}.Release|Any CPU.ActiveCfg = Release|Any CPU
		{91AE59F3-7A23-40DE-B9D0-FA1CBE41E635}.Release|Any CPU.Build.0 = Release|Any CPU
		{91AE59F3-7A23-40DE-B9D0-FA1CBE41E635}.Release|x64.ActiveCfg = Release|Any CPU
		{91AE59F3-7A23-40DE-B9D0-FA1CBE41E635}.Release|x64.Build.0 = Release|Any CPU
		{91AE59F3-7A23-40DE-B9D0-FA1CBE41E635}.Release|x86.ActiveCfg = Release|Any CPU
		{91AE59F3-7A23-40DE-B9D0-FA1CBE41E635}.Release|x86.Build.0 = Release|Any CPU
	EndGlobalSection
	GlobalSection(SolutionProperties) = preSolution
		HideSolutionNode = FALSE
	EndGlobalSection
	GlobalSection(ExtensibilityGlobals) = postSolution
		SolutionGuid = {41B9FAAA-6FC6-4C32-9A90-EEA0C0AEBE87}
	EndGlobalSection
EndGlobal
